{
  "name": "npm-pkg-test",
  "version": "1.0.0",
  "lockfileVersion": 1,
  "requires": true,
  "dependencies": {
    "@hatemjaber/string-utils": {
      "version": "1.0.0",
      "resolved": "https://npm.pkg.github.com/download/@hatemjaber/string-utils/1.0.0/f095ef311a0590319d106659a9bbb3235011f632c9ebf795be2a0982393fd089",
      "integrity": "sha512-GKp4DEiVa8CxsNGwiKnPqcpQEnvr5QiksNLlH/WM+MLAuJjjGaVxzAy9ZhcBr1epktxOZCvjFTYLzzBlJjp8cQ=="
    }
  }
}
